
Microsoft Visual Studio Solution File, Format Version 12.00
# Visual Studio Version 17
VisualStudioVersion = 17.5.33516.290
MinimumVisualStudioVersion = 10.0.40219.1
Project("{FAE04EC0-301F-11D3-BF4B-00C04F79EFBC}") = "1_FactoryMethod", "1_FactoryMethod\1_FactoryMethod.csproj", "{FB6B40DD-0AE0-4C76-98DD-091E83E0B918}"
EndProject
Global
	GlobalSection(SolutionConfigurationPlatforms) = preSolution
		Debug|Any CPU = Debug|Any CPU
		Release|Any CPU = Release|Any CPU
	EndGlobalSection
	GlobalSection(ProjectConfigurationPlatforms) = postSolution
		{FB6B40DD-0AE0-4C76-98DD-091E83E0B918}.Debug|Any CPU.ActiveCfg = Debug|Any CPU
		{FB6B40DD-0AE0-4C76-98DD-091E83E0B918}.Debug|Any CPU.Build.0 = Debug|Any CPU
		{FB6B40DD-0AE0-4C76-98DD-091E83E0B918}.Release|Any CPU.ActiveCfg = Release|Any CPU
		{FB6B40DD-0AE0-4C76-98DD-091E83E0B918}.Release|Any CPU.Build.0 = Release|Any CPU
	EndGlobalSection
	GlobalSection(SolutionProperties) = preSolution
		HideSolutionNode = FALSE
	EndGlobalSection
	GlobalSection(ExtensibilityGlobals) = postSolution
		SolutionGuid = {63CC5708-E1F5-4016-BC51-D7098CDC6FE1}
	EndGlobalSection
EndGlobal
